// !$*UTF8*$!
{
	archiveVersion = 1;
	classes = {
	};
	objectVersion = 77;
	objects = {

/* Begin PBXBuildFile section */
		E6AD073F2F07FE1300CE83B0 /* WidgetKit.framework in Frameworks */ = {isa = PBXBuildFile; fileRef = E6AD073E2F07FE1300CE83B0 /* WidgetKit.framework */; };
		E6AD07412F07FE1300CE83B0 /* SwiftUI.framework in Frameworks */ = {isa = PBXBuildFile; fileRef = E6AD07402F07FE1300CE83B0 /* SwiftUI.framework */; };
		E6AD074E2F07FE1500CE83B0 /* HellTimerWidgetExtension.appex in Embed Foundation Extensions */ = {isa = PBXBuildFile; fileRef = E6AD073C2F07FE1300CE83B0 /* HellTimerWidgetExtension.appex */; settings = {ATTRIBUTES = (RemoveHeadersOnCopy, ); }; };
		E6AD07632F08009500CE83B0 /* AppGroupConstants.swift in Sources */ = {isa = PBXBuildFile; fileRef = E6AD07612F08009500CE83B0 /* AppGroupConstants.swift */; };
		E6AD07642F08009500CE83B0 /* AppGroupConstants.swift in Sources */ = {isa = PBXBuildFile; fileRef = E6AD07612F08009500CE83B0 /* AppGroupConstants.swift */; };
/* End PBXBuildFile section */

/* Begin PBXContainerItemProxy section */
		E6AD06F82F07E11700CE83B0 /* PBXContainerItemProxy */ = {
			isa = PBXContainerItemProxy;
			containerPortal = E6AD06E02F07E11500CE83B0 /* Project object */;
			proxyType = 1;
			remoteGlobalIDString = E6AD06E72F07E11500CE83B0;
			remoteInfo = helltimer;
		};
		E6AD07022F07E11800CE83B0 /* PBXContainerItemProxy */ = {
			isa = PBXContainerItemProxy;
			containerPortal = E6AD06E02F07E11500CE83B0 /* Project object */;
			proxyType = 1;
			remoteGlobalIDString = E6AD06E72F07E11500CE83B0;
			remoteInfo = helltimer;
		};
		E6AD074C2F07FE1500CE83B0 /* PBXContainerItemProxy */ = {
			isa = PBXContainerItemProxy;
			containerPortal = E6AD06E02F07E11500CE83B0 /* Project object */;
			proxyType = 1;
			remoteGlobalIDString = E6AD073B2F07FE1300CE83B0;
			remoteInfo = HellTimerWidgetExtension;
		};
/* End PBXContainerItemProxy section */

/* Begin PBXCopyFilesBuildPhase section */
		E6AD07532F07FE1500CE83B0 /* Embed Foundation Extensions */ = {
			isa = PBXCopyFilesBuildPhase;
			buildActionMask = 2147483647;
			dstPath = "";
			dstSubfolderSpec = 13;
			files = (
				E6AD074E2F07FE1500CE83B0 /* HellTimerWidgetExtension.appex in Embed Foundation Extensions */,
			);
			name = "Embed Foundation Extensions";
			runOnlyForDeploymentPostprocessing = 0;
		};
/* End PBXCopyFilesBuildPhase section */

/* Begin PBXFileReference section */
		E6AD06E82F07E11500CE83B0 /* helltimer.app */ = {isa = PBXFileReference; explicitFileType = wrapper.application; includeInIndex = 0; path = helltimer.app; sourceTree = BUILT_PRODUCTS_DIR; };
		E6AD06F72F07E11700CE83B0 /* helltimerTests.xctest */ = {isa = PBXFileReference; explicitFileType = wrapper.cfbundle; includeInIndex = 0; path = helltimerTests.xctest; sourceTree = BUILT_PRODUCTS_DIR; };
		E6AD07012F07E11800CE83B0 /* helltimerUITests.xctest */ = {isa = PBXFileReference; explicitFileType = wrapper.cfbundle; includeInIndex = 0; path = helltimerUITests.xctest; sourceTree = BUILT_PRODUCTS_DIR; };
		E6AD073C2F07FE1300CE83B0 /* HellTimerWidgetExtension.appex */ = {isa = PBXFileReference; explicitFileType = "wrapper.app-extension"; includeInIndex = 0; path = HellTimerWidgetExtension.appex; sourceTree = BUILT_PRODUCTS_DIR; };
		E6AD073E2F07FE1300CE83B0 /* WidgetKit.framework */ = {isa = PBXFileReference; lastKnownFileType = wrapper.framework; name = WidgetKit.framework; path = System/Library/Frameworks/WidgetKit.framework; sourceTree = SDKROOT; };
		E6AD07402F07FE1300CE83B0 /* SwiftUI.framework */ = {isa = PBXFileReference; lastKnownFileType = wrapper.framework; name = SwiftUI.framework; path = System/Library/Frameworks/SwiftUI.framework; sourceTree = SDKROOT; };
		E6AD075F2F07FE6B00CE83B0 /* HellTimerWidgetExtension.entitlements */ = {isa = PBXFileReference; lastKnownFileType = text.plist.entitlements; path = HellTimerWidgetExtension.entitlements; sourceTree = "<group>"; };
		E6AD07612F08009500CE83B0 /* AppGroupConstants.swift */ = {isa = PBXFileReference; lastKnownFileType = sourcecode.swift; path = AppGroupConstants.swift; sourceTree = "<group>"; };
/* End PBXFileReference section */

/* Begin PBXFileSystemSynchronizedBuildFileExceptionSet section */
		E6AD074F2F07FE1500CE83B0 /* Exceptions for "HellTimerWidget" folder in "HellTimerWidgetExtension" target */ = {
			isa = PBXFileSystemSynchronizedBuildFileExceptionSet;
			membershipExceptions = (
				Info.plist,
			);
			target = E6AD073B2F07FE1300CE83B0 /* HellTimerWidgetExtension */;
		};
/* End PBXFileSystemSynchronizedBuildFileExceptionSet section */

/* Begin PBXFileSystemSynchronizedRootGroup section */
		E6AD06EA2F07E11500CE83B0 /* helltimer */ = {
			isa = PBXFileSystemSynchronizedRootGroup;
			path = helltimer;
			sourceTree = "<group>";
		};
		E6AD06FA2F07E11700CE83B0 /* helltimerTests */ = {
			isa = PBXFileSystemSynchronizedRootGroup;
			path = helltimerTests;
			sourceTree = "<group>";
		};
		E6AD07042F07E11800CE83B0 /* helltimerUITests */ = {
			isa = PBXFileSystemSynchronizedRootGroup;
			path = helltimerUITests;
			sourceTree = "<group>";
		};
		E6AD07422F07FE1300CE83B0 /* HellTimerWidget */ = {
			isa = PBXFileSystemSynchronizedRootGroup;
			exceptions = (
				E6AD074F2F07FE1500CE83B0 /* Exceptions for "HellTimerWidget" folder in "HellTimerWidgetExtension" target */,
			);
			path = HellTimerWidget;
			sourceTree = "<group>";
		};
/* End PBXFileSystemSynchronizedRootGroup section */

/* Begin PBXFrameworksBuildPhase section */
		E6AD06E52F07E11500CE83B0 /* Frameworks */ = {
			isa = PBXFrameworksBuildPhase;
			buildActionMask = 2147483647;
			files = (
			);
			runOnlyForDeploymentPostprocessing = 0;
		};
		E6AD06F42F07E11700CE83B0 /* Frameworks */ = {
			isa = PBXFrameworksBuildPhase;
			buildActionMask = 2147483647;
			files = (
			);
			runOnlyForDeploymentPostprocessing = 0;
		};
		E6AD06FE2F07E11800CE83B0 /* Frameworks */ = {
			isa = PBXFrameworksBuildPhase;
			buildActionMask = 2147483647;
			files = (
			);
			runOnlyForDeploymentPostprocessing = 0;
		};
		E6AD07392F07FE1300CE83B0 /* Frameworks */ = {
			isa = PBXFrameworksBuildPhase;
			buildActionMask = 2147483647;
			files = (
				E6AD07412F07FE1300CE83B0 /* SwiftUI.framework in Frameworks */,
				E6AD073F2F07FE1300CE83B0 /* WidgetKit.framework in Frameworks */,
			);
			runOnlyForDeploymentPostprocessing = 0;
		};
/* End PBXFrameworksBuildPhase section */

/* Begin PBXGroup section */
		E6AD06DF2F07E11500CE83B0 = {
			isa = PBXGroup;
			children = (
				E6AD075F2F07FE6B00CE83B0 /* HellTimerWidgetExtension.entitlements */,
				E6AD06EA2F07E11500CE83B0 /* helltimer */,
				E6AD06FA2F07E11700CE83B0 /* helltimerTests */,
				E6AD07042F07E11800CE83B0 /* helltimerUITests */,
				E6AD07422F07FE1300CE83B0 /* HellTimerWidget */,
				E6AD073D2F07FE1300CE83B0 /* Frameworks */,
				E6AD07622F08009500CE83B0 /* Shared */,
				E6AD06E92F07E11500CE83B0 /* Products */,
			);
			sourceTree = "<group>";
		};
		E6AD06E92F07E11500CE83B0 /* Products */ = {
			isa = PBXGroup;
			children = (
				E6AD06E82F07E11500CE83B0 /* helltimer.app */,
				E6AD06F72F07E11700CE83B0 /* helltimerTests.xctest */,
				E6AD07012F07E11800CE83B0 /* helltimerUITests.xctest */,
				E6AD073C2F07FE1300CE83B0 /* HellTimerWidgetExtension.appex */,
			);
			name = Products;
			sourceTree = "<group>";
		};
		E6AD073D2F07FE1300CE83B0 /* Frameworks */ = {
			isa = PBXGroup;
			children = (
				E6AD073E2F07FE1300CE83B0 /* WidgetKit.framework */,
				E6AD07402F07FE1300CE83B0 /* SwiftUI.framework */,
			);
			name = Frameworks;
			sourceTree = "<group>";
		};
		E6AD07622F08009500CE83B0 /* Shared */ = {
			isa = PBXGroup;
			children = (
				E6AD07612F08009500CE83B0 /* AppGroupConstants.swift */,
			);
			path = Shared;
			sourceTree = "<group>";
		};
/* End PBXGroup section */

/* Begin PBXNativeTarget section */
		E6AD06E72F07E11500CE83B0 /* helltimer */ = {
			isa = PBXNativeTarget;
			buildConfigurationList = E6AD070B2F07E11800CE83B0 /* Build configuration list for PBXNativeTarget "helltimer" */;
			buildPhases = (
				E6AD06E42F07E11500CE83B0 /* Sources */,
				E6AD06E52F07E11500CE83B0 /* Frameworks */,
				E6AD06E62F07E11500CE83B0 /* Resources */,
				E6AD07532F07FE1500CE83B0 /* Embed Foundation Extensions */,
			);
			buildRules = (
			);
			dependencies = (
				E6AD074D2F07FE1500CE83B0 /* PBXTargetDependency */,
			);
			fileSystemSynchronizedGroups = (
				E6AD06EA2F07E11500CE83B0 /* helltimer */,
			);
			name = helltimer;
			packageProductDependencies = (
			);
			productName = helltimer;
			productReference = E6AD06E82F07E11500CE83B0 /* helltimer.app */;
			productType = "com.apple.product-type.application";
		};
		E6AD06F62F07E11700CE83B0 /* helltimerTests */ = {
			isa = PBXNativeTarget;
			buildConfigurationList = E6AD070E2F07E11800CE83B0 /* Build configuration list for PBXNativeTarget "helltimerTests" */;
			buildPhases = (
				E6AD06F32F07E11700CE83B0 /* Sources */,
				E6AD06F42F07E11700CE83B0 /* Frameworks */,
				E6AD06F52F07E11700CE83B0 /* Resources */,
			);
			buildRules = (
			);
			dependencies = (
				E6AD06F92F07E11700CE83B0 /* PBXTargetDependency */,
			);
			fileSystemSynchronizedGroups = (
				E6AD06FA2F07E11700CE83B0 /* helltimerTests */,
			);
			name = helltimerTests;
			packageProductDependencies = (
			);
			productName = helltimerTests;
			productReference = E6AD06F72F07E11700CE83B0 /* helltimerTests.xctest */;
			productType = "com.apple.product-type.bundle.unit-test";
		};
		E6AD07002F07E11800CE83B0 /* helltimerUITests */ = {
			isa = PBXNativeTarget;
			buildConfigurationList = E6AD07112F07E11800CE83B0 /* Build configuration list for PBXNativeTarget "helltimerUITests" */;
			buildPhases = (
				E6AD06FD2F07E11800CE83B0 /* Sources */,
				E6AD06FE2F07E11800CE83B0 /* Frameworks */,
				E6AD06FF2F07E11800CE83B0 /* Resources */,
			);
			buildRules = (
			);
			dependencies = (
				E6AD07032F07E11800CE83B0 /* PBXTargetDependency */,
			);
			fileSystemSynchronizedGroups = (
				E6AD07042F07E11800CE83B0 /* helltimerUITests */,
			);
			name = helltimerUITests;
			packageProductDependencies = (
			);
			productName = helltimerUITests;
			productReference = E6AD07012F07E11800CE83B0 /* helltimerUITests.xctest */;
			productType = "com.apple.product-type.bundle.ui-testing";
		};
		E6AD073B2F07FE1300CE83B0 /* HellTimerWidgetExtension */ = {
			isa = PBXNativeTarget;
			buildConfigurationList = E6AD07502F07FE1500CE83B0 /* Build configuration list for PBXNativeTarget "HellTimerWidgetExtension" */;
			buildPhases = (
				E6AD07382F07FE1300CE83B0 /* Sources */,
				E6AD07392F07FE1300CE83B0 /* Frameworks */,
				E6AD073A2F07FE1300CE83B0 /* Resources */,
			);
			buildRules = (
			);
			dependencies = (
			);
			fileSystemSynchronizedGroups = (
				E6AD07422F07FE1300CE83B0 /* HellTimerWidget */,
			);
			name = HellTimerWidgetExtension;
			packageProductDependencies = (
			);
			productName = HellTimerWidgetExtension;
			productReference = E6AD073C2F07FE1300CE83B0 /* HellTimerWidgetExtension.appex */;
			productType = "com.apple.product-type.app-extension";
		};
/* End PBXNativeTarget section */

/* Begin PBXProject section */
		E6AD06E02F07E11500CE83B0 /* Project object */ = {
			isa = PBXProject;
			attributes = {
				BuildIndependentTargetsInParallel = 1;
				LastSwiftUpdateCheck = 2620;
				LastUpgradeCheck = 2620;
				TargetAttributes = {
					E6AD06E72F07E11500CE83B0 = {
						CreatedOnToolsVersion = 26.2;
					};
					E6AD06F62F07E11700CE83B0 = {
						CreatedOnToolsVersion = 26.2;
						TestTargetID = E6AD06E72F07E11500CE83B0;
					};
					E6AD07002F07E11800CE83B0 = {
						CreatedOnToolsVersion = 26.2;
						TestTargetID = E6AD06E72F07E11500CE83B0;
					};
					E6AD073B2F07FE1300CE83B0 = {
						CreatedOnToolsVersion = 26.2;
					};
				};
			};
			buildConfigurationList = E6AD06E32F07E11500CE83B0 /* Build configuration list for PBXProject "helltimer" */;
			developmentRegion = ko;
			hasScannedForEncodings = 0;
			knownRegions = (
				en,
				Base,
				ko,
			);
			mainGroup = E6AD06DF2F07E11500CE83B0;
			minimizedProjectReferenceProxies = 1;
			preferredProjectObjectVersion = 77;
			productRefGroup = E6AD06E92F07E11500CE83B0 /* Products */;
			projectDirPath = "";
			projectRoot = "";
			targets = (
				E6AD06E72F07E11500CE83B0 /* helltimer */,
				E6AD06F62F07E11700CE83B0 /* helltimerTests */,
				E6AD07002F07E11800CE83B0 /* helltimerUITests */,
				E6AD073B2F07FE1300CE83B0 /* HellTimerWidgetExtension */,
			);
		};
/* End PBXProject section */

/* Begin PBXResourcesBuildPhase section */
		E6AD06E62F07E11500CE83B0 /* Resources */ = {
			isa = PBXResourcesBuildPhase;
			buildActionMask = 2147483647;
			files = (
			);
			runOnlyForDeploymentPostprocessing = 0;
		};
		E6AD06F52F07E11700CE83B0 /* Resources */ = {
			isa = PBXResourcesBuildPhase;
			buildActionMask = 2147483647;
			files = (
			);
			runOnlyForDeploymentPostprocessing = 0;
		};
		E6AD06FF2F07E11800CE83B0 /* Resources */ = {
			isa = PBXResourcesBuildPhase;
			buildActionMask = 2147483647;
			files = (
			);
			runOnlyForDeploymentPostprocessing = 0;
		};
		E6AD073A2F07FE1300CE83B0 /* Resources */ = {
			isa = PBXResourcesBuildPhase;
			buildActionMask = 2147483647;
			files = (
			);
			runOnlyForDeploymentPostprocessing = 0;
		};
/* End PBXResourcesBuildPhase section */

/* Begin PBXSourcesBuildPhase section */
		E6AD06E42F07E11500CE83B0 /* Sources */ = {
			isa = PBXSourcesBuildPhase;
			buildActionMask = 2147483647;
			files = (
				E6AD07632F08009500CE83B0 /* AppGroupConstants.swift in Sources */,
			);
			runOnlyForDeploymentPostprocessing = 0;
		};
		E6AD06F32F07E11700CE83B0 /* Sources */ = {
			isa = PBXSourcesBuildPhase;
			buildActionMask = 2147483647;
			files = (
			);
			runOnlyForDeploymentPostprocessing = 0;
		};
		E6AD06FD2F07E11800CE83B0 /* Sources */ = {
			isa = PBXSourcesBuildPhase;
			buildActionMask = 2147483647;
			files = (
			);
			runOnlyForDeploymentPostprocessing = 0;
		};
		E6AD07382F07FE1300CE83B0 /* Sources */ = {
			isa = PBXSourcesBuildPhase;
			buildActionMask = 2147483647;
			files = (
				E6AD07642F08009500CE83B0 /* AppGroupConstants.swift in Sources */,
			);
			runOnlyForDeploymentPostprocessing = 0;
		};
/* End PBXSourcesBuildPhase section */

/* Begin PBXTargetDependency section */
		E6AD06F92F07E11700CE83B0 /* PBXTargetDependency */ = {
			isa = PBXTargetDependency;
			target = E6AD06E72F07E11500CE83B0 /* helltimer */;
			targetProxy = E6AD06F82F07E11700CE83B0 /* PBXContainerItemProxy */;
		};
		E6AD07032F07E11800CE83B0 /* PBXTargetDependency */ = {
			isa = PBXTargetDependency;
			target = E6AD06E72F07E11500CE83B0 /* helltimer */;
			targetProxy = E6AD07022F07E11800CE83B0 /* PBXContainerItemProxy */;
		};
		E6AD074D2F07FE1500CE83B0 /* PBXTargetDependency */ = {
			isa = PBXTargetDependency;
			target = E6AD073B2F07FE1300CE83B0 /* HellTimerWidgetExtension */;
			targetProxy = E6AD074C2F07FE1500CE83B0 /* PBXContainerItemProxy */;
		};
/* End PBXTargetDependency section */

/* Begin XCBuildConfiguration section */
		E6AD07092F07E11800CE83B0 /* Debug */ = {
			isa = XCBuildConfiguration;
			buildSettings = {
				ALWAYS_SEARCH_USER_PATHS = NO;
				ASSETCATALOG_COMPILER_GENERATE_SWIFT_ASSET_SYMBOL_EXTENSIONS = YES;
				CLANG_ANALYZER_NONNULL = YES;
				CLANG_ANALYZER_NUMBER_OBJECT_CONVERSION = YES_AGGRESSIVE;
				CLANG_CXX_LANGUAGE_STANDARD = "gnu++20";
				CLANG_ENABLE_MODULES = YES;
				CLANG_ENABLE_OBJC_ARC = YES;
				CLANG_ENABLE_OBJC_WEAK = YES;
				CLANG_WARN_BLOCK_CAPTURE_AUTORELEASING = YES;
				CLANG_WARN_BOOL_CONVERSION = YES;
				CLANG_WARN_COMMA = YES;
				CLANG_WARN_CONSTANT_CONVERSION = YES;
				CLANG_WARN_DEPRECATED_OBJC_IMPLEMENTATIONS = YES;
				CLANG_WARN_DIRECT_OBJC_ISA_USAGE = YES_ERROR;
				CLANG_WARN_DOCUMENTATION_COMMENTS = YES;
				CLANG_WARN_EMPTY_BODY = YES;
				CLANG_WARN_ENUM_CONVERSION = YES;
				CLANG_WARN_INFINITE_RECURSION = YES;
				CLANG_WARN_INT_CONVERSION = YES;
				CLANG_WARN_NON_LITERAL_NULL_CONVERSION = YES;
				CLANG_WARN_OBJC_IMPLICIT_RETAIN_SELF = YES;
				CLANG_WARN_OBJC_LITERAL_CONVERSION = YES;
				CLANG_WARN_OBJC_ROOT_CLASS = YES_ERROR;
				CLANG_WARN_QUOTED_INCLUDE_IN_FRAMEWORK_HEADER = YES;
				CLANG_WARN_RANGE_LOOP_ANALYSIS = YES;
				CLANG_WARN_STRICT_PROTOTYPES = YES;
				CLANG_WARN_SUSPICIOUS_MOVE = YES;
				CLANG_WARN_UNGUARDED_AVAILABILITY = YES_AGGRESSIVE;
				CLANG_WARN_UNREACHABLE_CODE = YES;
				CLANG_WARN__DUPLICATE_METHOD_MATCH = YES;
				COPY_PHASE_STRIP = NO;
				DEBUG_INFORMATION_FORMAT = dwarf;
				DEVELOPMENT_TEAM = RFQ2JUE4LX;
				ENABLE_STRICT_OBJC_MSGSEND = YES;
				ENABLE_TESTABILITY = YES;
				ENABLE_USER_SCRIPT_SANDBOXING = YES;
				GCC_C_LANGUAGE_STANDARD = gnu17;
				GCC_DYNAMIC_NO_PIC = NO;
				GCC_NO_COMMON_BLOCKS = YES;
				GCC_OPTIMIZATION_LEVEL = 0;
				GCC_PREPROCESSOR_DEFINITIONS = (
					"DEBUG=1",
					"$(inherited)",
				);
				GCC_WARN_64_TO_32_BIT_CONVERSION = YES;
				GCC_WARN_ABOUT_RETURN_TYPE = YES_ERROR;
				GCC_WARN_UNDECLARED_SELECTOR = YES;
				GCC_WARN_UNINITIALIZED_AUTOS = YES_AGGRESSIVE;
				GCC_WARN_UNUSED_FUNCTION = YES;
				GCC_WARN_UNUSED_VARIABLE = YES;
				IPHONEOS_DEPLOYMENT_TARGET = 26.0;
				LOCALIZATION_PREFERS_STRING_CATALOGS = YES;
				MTL_ENABLE_DEBUG_INFO = INCLUDE_SOURCE;
				MTL_FAST_MATH = YES;
				ONLY_ACTIVE_ARCH = YES;
				SDKROOT = iphoneos;
				SWIFT_ACTIVE_COMPILATION_CONDITIONS = "DEBUG $(inherited)";
				SWIFT_EMIT_LOC_STRINGS = YES;
				SWIFT_OPTIMIZATION_LEVEL = "-Onone";
			};
			name = Debug;
		};
		E6AD070A2F07E11800CE83B0 /* Release */ = {
			isa = XCBuildConfiguration;
			buildSettings = {
				ALWAYS_SEARCH_USER_PATHS = NO;
				ASSETCATALOG_COMPILER_GENERATE_SWIFT_ASSET_SYMBOL_EXTENSIONS = YES;
				CLANG_ANALYZER_NONNULL = YES;
				CLANG_ANALYZER_NUMBER_OBJECT_CONVERSION = YES_AGGRESSIVE;
				CLANG_CXX_LANGUAGE_STANDARD = "gnu++20";
				CLANG_ENABLE_MODULES = YES;
				CLANG_ENABLE_OBJC_ARC = YES;
				CLANG_ENABLE_OBJC_WEAK = YES;
				CLANG_WARN_BLOCK_CAPTURE_AUTORELEASING = YES;
				CLANG_WARN_BOOL_CONVERSION = YES;
				CLANG_WARN_COMMA = YES;
				CLANG_WARN_CONSTANT_CONVERSION = YES;
				CLANG_WARN_DEPRECATED_OBJC_IMPLEMENTATIONS = YES;
				CLANG_WARN_DIRECT_OBJC_ISA_USAGE = YES_ERROR;
				CLANG_WARN_DOCUMENTATION_COMMENTS = YES;
				CLANG_WARN_EMPTY_BODY = YES;
				CLANG_WARN_ENUM_CONVERSION = YES;
				CLANG_WARN_INFINITE_RECURSION = YES;
				CLANG_WARN_INT_CONVERSION = YES;
				CLANG_WARN_NON_LITERAL_NULL_CONVERSION = YES;
				CLANG_WARN_OBJC_IMPLICIT_RETAIN_SELF = YES;
				CLANG_WARN_OBJC_LITERAL_CONVERSION = YES;
				CLANG_WARN_OBJC_ROOT_CLASS = YES_ERROR;
				CLANG_WARN_QUOTED_INCLUDE_IN_FRAMEWORK_HEADER = YES;
				CLANG_WARN_RANGE_LOOP_ANALYSIS = YES;
				CLANG_WARN_STRICT_PROTOTYPES = YES;
				CLANG_WARN_SUSPICIOUS_MOVE = YES;
				CLANG_WARN_UNGUARDED_AVAILABILITY = YES_AGGRESSIVE;
				CLANG_WARN_UNREACHABLE_CODE = YES;
				CLANG_WARN__DUPLICATE_METHOD_MATCH = YES;
				COPY_PHASE_STRIP = NO;
				DEBUG_INFORMATION_FORMAT = "dwarf-with-dsym";
				DEVELOPMENT_TEAM = RFQ2JUE4LX;
				ENABLE_NS_ASSERTIONS = NO;
				ENABLE_STRICT_OBJC_MSGSEND = YES;
				ENABLE_USER_SCRIPT_SANDBOXING = YES;
				GCC_C_LANGUAGE_STANDARD = gnu17;
				GCC_NO_COMMON_BLOCKS = YES;
				GCC_WARN_64_TO_32_BIT_CONVERSION = YES;
				GCC_WARN_ABOUT_RETURN_TYPE = YES_ERROR;
				GCC_WARN_UNDECLARED_SELECTOR = YES;
				GCC_WARN_UNINITIALIZED_AUTOS = YES_AGGRESSIVE;
				GCC_WARN_UNUSED_FUNCTION = YES;
				GCC_WARN_UNUSED_VARIABLE = YES;
				IPHONEOS_DEPLOYMENT_TARGET = 26.0;
				LOCALIZATION_PREFERS_STRING_CATALOGS = YES;
				MTL_ENABLE_DEBUG_INFO = NO;
				MTL_FAST_MATH = YES;
				SDKROOT = iphoneos;
				SWIFT_COMPILATION_MODE = wholemodule;
				SWIFT_EMIT_LOC_STRINGS = YES;
				VALIDATE_PRODUCT = YES;
			};
			name = Release;
		};
		E6AD070C2F07E11800CE83B0 /* Debug */ = {
			isa = XCBuildConfiguration;
			buildSettings = {
				ASSETCATALOG_COMPILER_APPICON_NAME = AppIcon;
				ASSETCATALOG_COMPILER_GLOBAL_ACCENT_COLOR_NAME = AccentColor;
				CODE_SIGN_ENTITLEMENTS = helltimer/helltimer.entitlements;
				"CODE_SIGN_IDENTITY[sdk=iphoneos*]" = "iPhone Distribution";
				CODE_SIGN_STYLE = Manual;
				CURRENT_PROJECT_VERSION = 6;
				DEVELOPMENT_TEAM = "";
				"DEVELOPMENT_TEAM[sdk=iphoneos*]" = RFQ2JUE4LX;
				ENABLE_PREVIEWS = YES;
				GENERATE_INFOPLIST_FILE = YES;
				INFOPLIST_KEY_UIApplicationSceneManifest_Generation = YES;
				INFOPLIST_KEY_UIApplicationSupportsIndirectInputEvents = YES;
				INFOPLIST_KEY_UILaunchScreen_Generation = YES;
				INFOPLIST_KEY_UISupportedInterfaceOrientations_iPad = "UIInterfaceOrientationPortrait UIInterfaceOrientationPortraitUpsideDown UIInterfaceOrientationLandscapeLeft UIInterfaceOrientationLandscapeRight";
				INFOPLIST_KEY_UISupportedInterfaceOrientations_iPhone = "UIInterfaceOrientationPortrait UIInterfaceOrientationLandscapeLeft UIInterfaceOrientationLandscapeRight";
				LD_RUNPATH_SEARCH_PATHS = (
					"$(inherited)",
					"@executable_path/Frameworks",
				);
				MARKETING_VERSION = 1.0.1;
				PRODUCT_BUNDLE_IDENTIFIER = com.izowooi.helltimer;
				PRODUCT_NAME = "$(TARGET_NAME)";
				PROVISIONING_PROFILE_SPECIFIER = "";
				"PROVISIONING_PROFILE_SPECIFIER[sdk=iphoneos*]" = helltimer_release;
				STRING_CATALOG_GENERATE_SYMBOLS = YES;
				SWIFT_APPROACHABLE_CONCURRENCY = YES;
				SWIFT_DEFAULT_ACTOR_ISOLATION = MainActor;
				SWIFT_EMIT_LOC_STRINGS = YES;
				SWIFT_UPCOMING_FEATURE_MEMBER_IMPORT_VISIBILITY = YES;
				SWIFT_VERSION = 5.0;
				TARGETED_DEVICE_FAMILY = "1,2";
			};
			name = Debug;
		};
		E6AD070D2F07E11800CE83B0 /* Release */ = {
			isa = XCBuildConfiguration;
			buildSettings = {
				ASSETCATALOG_COMPILER_APPICON_NAME = AppIcon;
				ASSETCATALOG_COMPILER_GLOBAL_ACCENT_COLOR_NAME = AccentColor;
				CODE_SIGN_ENTITLEMENTS = helltimer/helltimer.entitlements;
				"CODE_SIGN_IDENTITY[sdk=iphoneos*]" = "iPhone Distribution";
				CODE_SIGN_STYLE = Manual;
				CURRENT_PROJECT_VERSION = 6;
				DEVELOPMENT_TEAM = "";
				"DEVELOPMENT_TEAM[sdk=iphoneos*]" = RFQ2JUE4LX;
				ENABLE_PREVIEWS = YES;
				GENERATE_INFOPLIST_FILE = YES;
				INFOPLIST_KEY_UIApplicationSceneManifest_Generation = YES;
				INFOPLIST_KEY_UIApplicationSupportsIndirectInputEvents = YES;
				INFOPLIST_KEY_UILaunchScreen_Generation = YES;
				INFOPLIST_KEY_UISupportedInterfaceOrientations_iPad = "UIInterfaceOrientationPortrait UIInterfaceOrientationPortraitUpsideDown UIInterfaceOrientationLandscapeLeft UIInterfaceOrientationLandscapeRight";
				INFOPLIST_KEY_UISupportedInterfaceOrientations_iPhone = "UIInterfaceOrientationPortrait UIInterfaceOrientationLandscapeLeft UIInterfaceOrientationLandscapeRight";
				LD_RUNPATH_SEARCH_PATHS = (
					"$(inherited)",
					"@executable_path/Frameworks",
				);
				MARKETING_VERSION = 1.0.1;
				PRODUCT_BUNDLE_IDENTIFIER = com.izowooi.helltimer;
				PRODUCT_NAME = "$(TARGET_NAME)";
				PROVISIONING_PROFILE_SPECIFIER = "";
				"PROVISIONING_PROFILE_SPECIFIER[sdk=iphoneos*]" = helltimer_release;
				STRING_CATALOG_GENERATE_SYMBOLS = YES;
				SWIFT_APPROACHABLE_CONCURRENCY = YES;
				SWIFT_DEFAULT_ACTOR_ISOLATION = MainActor;
				SWIFT_EMIT_LOC_STRINGS = YES;
				SWIFT_UPCOMING_FEATURE_MEMBER_IMPORT_VISIBILITY = YES;
				SWIFT_VERSION = 5.0;
				TARGETED_DEVICE_FAMILY = "1,2";
			};
			name = Release;
		};
		E6AD070F2F07E11800CE83B0 /* Debug */ = {
			isa = XCBuildConfiguration;
			buildSettings = {
				BUNDLE_LOADER = "$(TEST_HOST)";
				CODE_SIGN_STYLE = Automatic;
				CURRENT_PROJECT_VERSION = 1;
				DEVELOPMENT_TEAM = RFQ2JUE4LX;
				GENERATE_INFOPLIST_FILE = YES;
				IPHONEOS_DEPLOYMENT_TARGET = 26.2;
				MARKETING_VERSION = 1.0;
				PRODUCT_BUNDLE_IDENTIFIER = com.izowooi.helltimerTests;
				PRODUCT_NAME = "$(TARGET_NAME)";
				STRING_CATALOG_GENERATE_SYMBOLS = NO;
				SWIFT_APPROACHABLE_CONCURRENCY = YES;
				SWIFT_EMIT_LOC_STRINGS = NO;
				SWIFT_UPCOMING_FEATURE_MEMBER_IMPORT_VISIBILITY = YES;
				SWIFT_VERSION = 5.0;
				TARGETED_DEVICE_FAMILY = "1,2";
				TEST_HOST = "$(BUILT_PRODUCTS_DIR)/helltimer.app/$(BUNDLE_EXECUTABLE_FOLDER_PATH)/helltimer";
			};
			name = Debug;
		};
		E6AD07102F07E11800CE83B0 /* Release */ = {
			isa = XCBuildConfiguration;
			buildSettings = {
				BUNDLE_LOADER = "$(TEST_HOST)";
				CODE_SIGN_STYLE = Automatic;
				CURRENT_PROJECT_VERSION = 1;
				DEVELOPMENT_TEAM = RFQ2JUE4LX;
				GENERATE_INFOPLIST_FILE = YES;
				IPHONEOS_DEPLOYMENT_TARGET = 26.2;
				MARKETING_VERSION = 1.0;
				PRODUCT_BUNDLE_IDENTIFIER = com.izowooi.helltimerTests;
				PRODUCT_NAME = "$(TARGET_NAME)";
				STRING_CATALOG_GENERATE_SYMBOLS = NO;
				SWIFT_APPROACHABLE_CONCURRENCY = YES;
				SWIFT_EMIT_LOC_STRINGS = NO;
				SWIFT_UPCOMING_FEATURE_MEMBER_IMPORT_VISIBILITY = YES;
				SWIFT_VERSION = 5.0;
				TARGETED_DEVICE_FAMILY = "1,2";
				TEST_HOST = "$(BUILT_PRODUCTS_DIR)/helltimer.app/$(BUNDLE_EXECUTABLE_FOLDER_PATH)/helltimer";
			};
			name = Release;
		};
		E6AD07122F07E11800CE83B0 /* Debug */ = {
			isa = XCBuildConfiguration;
			buildSettings = {
				CODE_SIGN_STYLE = Automatic;
				CURRENT_PROJECT_VERSION = 1;
				DEVELOPMENT_TEAM = RFQ2JUE4LX;
				GENERATE_INFOPLIST_FILE = YES;
				MARKETING_VERSION = 1.0;
				PRODUCT_BUNDLE_IDENTIFIER = com.izowooi.helltimerUITests;
				PRODUCT_NAME = "$(TARGET_NAME)";
				STRING_CATALOG_GENERATE_SYMBOLS = NO;
				SWIFT_APPROACHABLE_CONCURRENCY = YES;
				SWIFT_EMIT_LOC_STRINGS = NO;
				SWIFT_UPCOMING_FEATURE_MEMBER_IMPORT_VISIBILITY = YES;
				SWIFT_VERSION = 5.0;
				TARGETED_DEVICE_FAMILY = "1,2";
				TEST_TARGET_NAME = helltimer;
			};
			name = Debug;
		};
		E6AD07132F07E11800CE83B0 /* Release */ = {
			isa = XCBuildConfiguration;
			buildSettings = {
				CODE_SIGN_STYLE = Automatic;
				CURRENT_PROJECT_VERSION = 1;
				DEVELOPMENT_TEAM = RFQ2JUE4LX;
				GENERATE_INFOPLIST_FILE = YES;
				MARKETING_VERSION = 1.0;
				PRODUCT_BUNDLE_IDENTIFIER = com.izowooi.helltimerUITests;
				PRODUCT_NAME = "$(TARGET_NAME)";
				STRING_CATALOG_GENERATE_SYMBOLS = NO;
				SWIFT_APPROACHABLE_CONCURRENCY = YES;
				SWIFT_EMIT_LOC_STRINGS = NO;
				SWIFT_UPCOMING_FEATURE_MEMBER_IMPORT_VISIBILITY = YES;
				SWIFT_VERSION = 5.0;
				TARGETED_DEVICE_FAMILY = "1,2";
				TEST_TARGET_NAME = helltimer;
			};
			name = Release;
		};
		E6AD07512F07FE1500CE83B0 /* Debug */ = {
			isa = XCBuildConfiguration;
			buildSettings = {
				ASSETCATALOG_COMPILER_GLOBAL_ACCENT_COLOR_NAME = AccentColor;
				ASSETCATALOG_COMPILER_WIDGET_BACKGROUND_COLOR_NAME = WidgetBackground;
				CODE_SIGN_ENTITLEMENTS = HellTimerWidgetExtension.entitlements;
				"CODE_SIGN_IDENTITY[sdk=iphoneos*]" = "iPhone Distribution";
				CODE_SIGN_STYLE = Manual;
				CURRENT_PROJECT_VERSION = 6;
				DEVELOPMENT_TEAM = "";
				"DEVELOPMENT_TEAM[sdk=iphoneos*]" = RFQ2JUE4LX;
				GENERATE_INFOPLIST_FILE = YES;
				INFOPLIST_FILE = HellTimerWidget/Info.plist;
				INFOPLIST_KEY_CFBundleDisplayName = HellTimerWidget;
				INFOPLIST_KEY_NSHumanReadableCopyright = "";
				LD_RUNPATH_SEARCH_PATHS = (
					"$(inherited)",
					"@executable_path/Frameworks",
					"@executable_path/../../Frameworks",
				);
				MARKETING_VERSION = 1.0.1;
				PRODUCT_BUNDLE_IDENTIFIER = com.izowooi.helltimer.HellTimerWidget;
				PRODUCT_NAME = "$(TARGET_NAME)";
				PROVISIONING_PROFILE_SPECIFIER = "";
				"PROVISIONING_PROFILE_SPECIFIER[sdk=iphoneos*]" = helltimer_widget_release;
				SKIP_INSTALL = YES;
				STRING_CATALOG_GENERATE_SYMBOLS = YES;
				SWIFT_APPROACHABLE_CONCURRENCY = YES;
				SWIFT_EMIT_LOC_STRINGS = YES;
				SWIFT_UPCOMING_FEATURE_MEMBER_IMPORT_VISIBILITY = YES;
				SWIFT_VERSION = 5.0;
				TARGETED_DEVICE_FAMILY = "1,2";
			};
			name = Debug;
		};
		E6AD07522F07FE1500CE83B0 /* Release */ = {
			isa = XCBuildConfiguration;
			buildSettings = {
				ASSETCATALOG_COMPILER_GLOBAL_ACCENT_COLOR_NAME = AccentColor;
				ASSETCATALOG_COMPILER_WIDGET_BACKGROUND_COLOR_NAME = WidgetBackground;
				CODE_SIGN_ENTITLEMENTS = HellTimerWidgetExtension.entitlements;
				"CODE_SIGN_IDENTITY[sdk=iphoneos*]" = "iPhone Distribution";
				CODE_SIGN_STYLE = Manual;
				CURRENT_PROJECT_VERSION = 6;
				DEVELOPMENT_TEAM = "";
				"DEVELOPMENT_TEAM[sdk=iphoneos*]" = RFQ2JUE4LX;
				GENERATE_INFOPLIST_FILE = YES;
				INFOPLIST_FILE = HellTimerWidget/Info.plist;
				INFOPLIST_KEY_CFBundleDisplayName = HellTimerWidget;
				INFOPLIST_KEY_NSHumanReadableCopyright = "";
				LD_RUNPATH_SEARCH_PATHS = (
					"$(inherited)",
					"@executable_path/Frameworks",
					"@executable_path/../../Frameworks",
				);
				MARKETING_VERSION = 1.0.1;
				PRODUCT_BUNDLE_IDENTIFIER = com.izowooi.helltimer.HellTimerWidget;
				PRODUCT_NAME = "$(TARGET_NAME)";
				PROVISIONING_PROFILE_SPECIFIER = "";
				"PROVISIONING_PROFILE_SPECIFIER[sdk=iphoneos*]" = helltimer_widget_release;
				SKIP_INSTALL = YES;
				STRING_CATALOG_GENERATE_SYMBOLS = YES;
				SWIFT_APPROACHABLE_CONCURRENCY = YES;
				SWIFT_EMIT_LOC_STRINGS = YES;
				SWIFT_UPCOMING_FEATURE_MEMBER_IMPORT_VISIBILITY = YES;
				SWIFT_VERSION = 5.0;
				TARGETED_DEVICE_FAMILY = "1,2";
			};
			name = Release;
		};
/* End XCBuildConfiguration section */

/* Begin XCConfigurationList section */
		E6AD06E32F07E11500CE83B0 /* Build configuration list for PBXProject "helltimer" */ = {
			isa = XCConfigurationList;
			buildConfigurations = (
				E6AD07092F07E11800CE83B0 /* Debug */,
				E6AD070A2F07E11800CE83B0 /* Release */,
			);
			defaultConfigurationIsVisible = 0;
			defaultConfigurationName = Release;
		};
		E6AD070B2F07E11800CE83B0 /* Build configuration list for PBXNativeTarget "helltimer" */ = {
			isa = XCConfigurationList;
			buildConfigurations = (
				E6AD070C2F07E11800CE83B0 /* Debug */,
				E6AD070D2F07E11800CE83B0 /* Release */,
			);
			defaultConfigurationIsVisible = 0;
			defaultConfigurationName = Release;
		};
		E6AD070E2F07E11800CE83B0 /* Build configuration list for PBXNativeTarget "helltimerTests" */ = {
			isa = XCConfigurationList;
			buildConfigurations = (
				E6AD070F2F07E11800CE83B0 /* Debug */,
				E6AD07102F07E11800CE83B0 /* Release */,
			);
			defaultConfigurationIsVisible = 0;
			defaultConfigurationName = Release;
		};
		E6AD07112F07E11800CE83B0 /* Build configuration list for PBXNativeTarget "helltimerUITests" */ = {
			isa = XCConfigurationList;
			buildConfigurations = (
				E6AD07122F07E11800CE83B0 /* Debug */,
				E6AD07132F07E11800CE83B0 /* Release */,
			);
			defaultConfigurationIsVisible = 0;
			defaultConfigurationName = Release;
		};
		E6AD07502F07FE1500CE83B0 /* Build configuration list for PBXNativeTarget "HellTimerWidgetExtension" */ = {
			isa = XCConfigurationList;
			buildConfigurations = (
				E6AD07512F07FE1500CE83B0 /* Debug */,
				E6AD07522F07FE1500CE83B0 /* Release */,
			);
			defaultConfigurationIsVisible = 0;
			defaultConfigurationName = Release;
		};
/* End XCConfigurationList section */
	};
	rootObject = E6AD06E02F07E11500CE83B0 /* Project object */;
}
